# This file is automatically @generated by Cargo.
# It is not intended for manual editing.
version = 4

[[package]]
name = "access-domain"
version = "0.1.0"

[[package]]
name = "reservation-domain"
version = "0.1.0"

[[package]]
name = "reservation-interface-adapter"
version = "0.1.0"
dependencies = [
 "reservation-domain",
 "reservation-use-case",
]

[[package]]
name = "reservation-use-case"
version = "0.1.0"
dependencies = [
 "reservation-domain",
]
